
Microsoft Visual Studio Solution File, Format Version 12.00
# Visual Studio Version 17
VisualStudioVersion = 17.9.34701.34
MinimumVisualStudioVersion = 10.0.40219.1
Project("{FAE04EC0-301F-11D3-BF4B-00C04F79EFBC}") = "HelloWorldWinform", "HelloWorldWinform\HelloWorldWinform.csproj", "{6F563DE6-4622-4FC5-B8E1-E66E3C2AE965}"
EndProject
Global
	GlobalSection(SolutionConfigurationPlatforms) = preSolution
		Debug|Any CPU = Debug|Any CPU
		Release|Any CPU = Release|Any CPU
	EndGlobalSection
	GlobalSection(ProjectConfigurationPlatforms) = postSolution
		{6F563DE6-4622-4FC5-B8E1-E66E3C2AE965}.Debug|Any CPU.ActiveCfg = Debug|Any CPU
		{6F563DE6-4622-4FC5-B8E1-E66E3C2AE965}.Debug|Any CPU.Build.0 = Debug|Any CPU
		{6F563DE6-4622-4FC5-B8E1-E66E3C2AE965}.Release|Any CPU.ActiveCfg = Release|Any CPU
		{6F563DE6-4622-4FC5-B8E1-E66E3C2AE965}.Release|Any CPU.Build.0 = Release|Any CPU
	EndGlobalSection
	GlobalSection(SolutionProperties) = preSolution
		HideSolutionNode = FALSE
	EndGlobalSection
	GlobalSection(ExtensibilityGlobals) = postSolution
		SolutionGuid = {769D4486-4AE3-4E09-B2C6-6F65F10283A4}
	EndGlobalSection
EndGlobal
